
Microsoft Visual Studio Solution File, Format Version 12.00
# Visual Studio 2013
VisualStudioVersion = 12.0.30723.0
MinimumVisualStudioVersion = 10.0.40219.1
Project("{FAE04EC0-301F-11D3-BF4B-00C04F79EFBC}") = "Rocketcore.Website", "Rocketcore.Website\Rocketcore.Website.csproj", "{681295E2-94FB-47ED-A77C-DEC482733588}"
EndProject
Project("{2150E333-8FDC-42A3-9474-1A3956D46DE8}") = "Rocketcore", "Rocketcore", "{D0CF2A9A-A47A-44FC-99AE-4AC639999329}"
EndProject
Project("{2150E333-8FDC-42A3-9474-1A3956D46DE8}") = "TDS", "TDS", "{EC7BEE9A-58BC-450D-A120-9FF8916A91ED}"
EndProject
Project("{CAA73BB0-EF22-4D79-A57E-DF67B3BA9C80}") = "Rocketcore.TDS.Core", "Rocketcore.TDS.Core\Rocketcore.TDS.Core.scproj", "{3188D03B-285B-459F-A062-DF742CB53554}"
EndProject
Project("{CAA73BB0-EF22-4D79-A57E-DF67B3BA9C80}") = "Rocketcore.TDS.Master", "Rocketcore.TDS.Master\Rocketcore.TDS.Master.scproj", "{D309DC83-C87F-4B0E-BFD6-480A6941E80F}"
EndProject
Project("{CAA73BB0-EF22-4D79-A57E-DF67B3BA9C80}") = "Rocketcore.TDS.Master.Static", "Rocketcore.TDS.Master.Static\Rocketcore.TDS.Master.Static.scproj", "{A78B7070-DEC1-4123-A883-5895CD561035}"
EndProject
Project("{FAE04EC0-301F-11D3-BF4B-00C04F79EFBC}") = "Rocketcore.Model", "Rocketcore.Model\Rocketcore.Model.csproj", "{8AD1D90A-E9F0-4958-B53C-516688F1F98C}"
EndProject
Project("{2150E333-8FDC-42A3-9474-1A3956D46DE8}") = "Rocket", "Rocket", "{AD394929-3F3D-4BA8-9A4F-C57F0D303532}"
EndProject
Project("{FAE04EC0-301F-11D3-BF4B-00C04F79EFBC}") = "Rocket", "Rocket\Rocket.csproj", "{11238DFE-19E5-4FDA-9288-90A2C3FCE747}"
EndProject
Project("{FAE04EC0-301F-11D3-BF4B-00C04F79EFBC}") = "Rocketcore.Search", "Rocketcore.Search\Rocketcore.Search.csproj", "{5B7A3E71-EB93-45C6-A13B-EDEC2E86FB93}"
EndProject
Project("{FAE04EC0-301F-11D3-BF4B-00C04F79EFBC}") = "Rocketcore.Mvc", "Rocketcore.Mvc\Rocketcore.Mvc.csproj", "{4D968947-B763-4A73-94EA-C928DF8AF75F}"
EndProject
Project("{FAE04EC0-301F-11D3-BF4B-00C04F79EFBC}") = "Rocketcore", "Rocketcore\Rocketcore.csproj", "{9F808019-54D7-407F-8718-2135A0613BAF}"
EndProject
Project("{2150E333-8FDC-42A3-9474-1A3956D46DE8}") = "Content", "Content", "{EDA8612C-9AF1-4CE6-B73A-6CA1FC88AF6A}"
EndProject
Project("{FAE04EC0-301F-11D3-BF4B-00C04F79EFBC}") = "Rocketcore.Content.Tagging", "Rocketcore.Content.Tagging\Rocketcore.Content.Tagging.csproj", "{562037CE-663B-49CD-8028-7D2715D35F16}"
EndProject
Project("{FAE04EC0-301F-11D3-BF4B-00C04F79EFBC}") = "Rocketcore.Content.Phrases", "Rocketcore.Content.Phrases\Rocketcore.Content.Phrases.csproj", "{1734F3EC-4E94-4145-ACD0-D8056E02D92C}"
EndProject
Project("{FAE04EC0-301F-11D3-BF4B-00C04F79EFBC}") = "Rocketcore.Content.Global", "Rocketcore.Content.Global\Rocketcore.Content.Global.csproj", "{C3D655CE-A031-46D3-A283-3C465B47C107}"
EndProject
Project("{FAE04EC0-301F-11D3-BF4B-00C04F79EFBC}") = "Rocketcore.Content.CallToAction", "Rocketcore.Content.CallToAction\Rocketcore.Content.CallToAction.csproj", "{A5EAC061-9E59-4AA3-8B3A-9DD50E762DE4}"
EndProject
Global
	GlobalSection(SolutionConfigurationPlatforms) = preSolution
		Debug|Any CPU = Debug|Any CPU
		Release|Any CPU = Release|Any CPU
	EndGlobalSection
	GlobalSection(ProjectConfigurationPlatforms) = postSolution
		{681295E2-94FB-47ED-A77C-DEC482733588}.Debug|Any CPU.ActiveCfg = Debug|Any CPU
		{681295E2-94FB-47ED-A77C-DEC482733588}.Debug|Any CPU.Build.0 = Debug|Any CPU
		{681295E2-94FB-47ED-A77C-DEC482733588}.Release|Any CPU.ActiveCfg = Release|Any CPU
		{681295E2-94FB-47ED-A77C-DEC482733588}.Release|Any CPU.Build.0 = Release|Any CPU
		{3188D03B-285B-459F-A062-DF742CB53554}.Debug|Any CPU.ActiveCfg = Debug|Any CPU
		{3188D03B-285B-459F-A062-DF742CB53554}.Debug|Any CPU.Build.0 = Debug|Any CPU
		{3188D03B-285B-459F-A062-DF742CB53554}.Debug|Any CPU.Deploy.0 = Debug|Any CPU
		{3188D03B-285B-459F-A062-DF742CB53554}.Release|Any CPU.ActiveCfg = Release|Any CPU
		{3188D03B-285B-459F-A062-DF742CB53554}.Release|Any CPU.Build.0 = Release|Any CPU
		{3188D03B-285B-459F-A062-DF742CB53554}.Release|Any CPU.Deploy.0 = Release|Any CPU
		{D309DC83-C87F-4B0E-BFD6-480A6941E80F}.Debug|Any CPU.ActiveCfg = Debug|Any CPU
		{D309DC83-C87F-4B0E-BFD6-480A6941E80F}.Debug|Any CPU.Build.0 = Debug|Any CPU
		{D309DC83-C87F-4B0E-BFD6-480A6941E80F}.Debug|Any CPU.Deploy.0 = Debug|Any CPU
		{D309DC83-C87F-4B0E-BFD6-480A6941E80F}.Release|Any CPU.ActiveCfg = Release|Any CPU
		{D309DC83-C87F-4B0E-BFD6-480A6941E80F}.Release|Any CPU.Build.0 = Release|Any CPU
		{D309DC83-C87F-4B0E-BFD6-480A6941E80F}.Release|Any CPU.Deploy.0 = Release|Any CPU
		{A78B7070-DEC1-4123-A883-5895CD561035}.Debug|Any CPU.ActiveCfg = Debug|Any CPU
		{A78B7070-DEC1-4123-A883-5895CD561035}.Debug|Any CPU.Build.0 = Debug|Any CPU
		{A78B7070-DEC1-4123-A883-5895CD561035}.Debug|Any CPU.Deploy.0 = Debug|Any CPU
		{A78B7070-DEC1-4123-A883-5895CD561035}.Release|Any CPU.ActiveCfg = Release|Any CPU
		{A78B7070-DEC1-4123-A883-5895CD561035}.Release|Any CPU.Build.0 = Release|Any CPU
		{A78B7070-DEC1-4123-A883-5895CD561035}.Release|Any CPU.Deploy.0 = Release|Any CPU
		{8AD1D90A-E9F0-4958-B53C-516688F1F98C}.Debug|Any CPU.ActiveCfg = Debug|Any CPU
		{8AD1D90A-E9F0-4958-B53C-516688F1F98C}.Debug|Any CPU.Build.0 = Debug|Any CPU
		{8AD1D90A-E9F0-4958-B53C-516688F1F98C}.Release|Any CPU.ActiveCfg = Release|Any CPU
		{8AD1D90A-E9F0-4958-B53C-516688F1F98C}.Release|Any CPU.Build.0 = Release|Any CPU
		{11238DFE-19E5-4FDA-9288-90A2C3FCE747}.Debug|Any CPU.ActiveCfg = Debug|Any CPU
		{11238DFE-19E5-4FDA-9288-90A2C3FCE747}.Debug|Any CPU.Build.0 = Debug|Any CPU
		{11238DFE-19E5-4FDA-9288-90A2C3FCE747}.Release|Any CPU.ActiveCfg = Release|Any CPU
		{11238DFE-19E5-4FDA-9288-90A2C3FCE747}.Release|Any CPU.Build.0 = Release|Any CPU
		{5B7A3E71-EB93-45C6-A13B-EDEC2E86FB93}.Debug|Any CPU.ActiveCfg = Debug|Any CPU
		{5B7A3E71-EB93-45C6-A13B-EDEC2E86FB93}.Debug|Any CPU.Build.0 = Debug|Any CPU
		{5B7A3E71-EB93-45C6-A13B-EDEC2E86FB93}.Release|Any CPU.ActiveCfg = Release|Any CPU
		{5B7A3E71-EB93-45C6-A13B-EDEC2E86FB93}.Release|Any CPU.Build.0 = Release|Any CPU
		{4D968947-B763-4A73-94EA-C928DF8AF75F}.Debug|Any CPU.ActiveCfg = Debug|Any CPU
		{4D968947-B763-4A73-94EA-C928DF8AF75F}.Debug|Any CPU.Build.0 = Debug|Any CPU
		{4D968947-B763-4A73-94EA-C928DF8AF75F}.Release|Any CPU.ActiveCfg = Release|Any CPU
		{4D968947-B763-4A73-94EA-C928DF8AF75F}.Release|Any CPU.Build.0 = Release|Any CPU
		{9F808019-54D7-407F-8718-2135A0613BAF}.Debug|Any CPU.ActiveCfg = Debug|Any CPU
		{9F808019-54D7-407F-8718-2135A0613BAF}.Debug|Any CPU.Build.0 = Debug|Any CPU
		{9F808019-54D7-407F-8718-2135A0613BAF}.Release|Any CPU.ActiveCfg = Release|Any CPU
		{9F808019-54D7-407F-8718-2135A0613BAF}.Release|Any CPU.Build.0 = Release|Any CPU
		{562037CE-663B-49CD-8028-7D2715D35F16}.Debug|Any CPU.ActiveCfg = Debug|Any CPU
		{562037CE-663B-49CD-8028-7D2715D35F16}.Debug|Any CPU.Build.0 = Debug|Any CPU
		{562037CE-663B-49CD-8028-7D2715D35F16}.Release|Any CPU.ActiveCfg = Release|Any CPU
		{562037CE-663B-49CD-8028-7D2715D35F16}.Release|Any CPU.Build.0 = Release|Any CPU
		{1734F3EC-4E94-4145-ACD0-D8056E02D92C}.Debug|Any CPU.ActiveCfg = Debug|Any CPU
		{1734F3EC-4E94-4145-ACD0-D8056E02D92C}.Debug|Any CPU.Build.0 = Debug|Any CPU
		{1734F3EC-4E94-4145-ACD0-D8056E02D92C}.Release|Any CPU.ActiveCfg = Release|Any CPU
		{1734F3EC-4E94-4145-ACD0-D8056E02D92C}.Release|Any CPU.Build.0 = Release|Any CPU
		{C3D655CE-A031-46D3-A283-3C465B47C107}.Debug|Any CPU.ActiveCfg = Debug|Any CPU
		{C3D655CE-A031-46D3-A283-3C465B47C107}.Debug|Any CPU.Build.0 = Debug|Any CPU
		{C3D655CE-A031-46D3-A283-3C465B47C107}.Release|Any CPU.ActiveCfg = Release|Any CPU
		{C3D655CE-A031-46D3-A283-3C465B47C107}.Release|Any CPU.Build.0 = Release|Any CPU
		{A5EAC061-9E59-4AA3-8B3A-9DD50E762DE4}.Debug|Any CPU.ActiveCfg = Debug|Any CPU
		{A5EAC061-9E59-4AA3-8B3A-9DD50E762DE4}.Debug|Any CPU.Build.0 = Debug|Any CPU
		{A5EAC061-9E59-4AA3-8B3A-9DD50E762DE4}.Release|Any CPU.ActiveCfg = Release|Any CPU
		{A5EAC061-9E59-4AA3-8B3A-9DD50E762DE4}.Release|Any CPU.Build.0 = Release|Any CPU
	EndGlobalSection
	GlobalSection(SolutionProperties) = preSolution
		HideSolutionNode = FALSE
	EndGlobalSection
	GlobalSection(NestedProjects) = preSolution
		{EC7BEE9A-58BC-450D-A120-9FF8916A91ED} = {D0CF2A9A-A47A-44FC-99AE-4AC639999329}
		{3188D03B-285B-459F-A062-DF742CB53554} = {EC7BEE9A-58BC-450D-A120-9FF8916A91ED}
		{D309DC83-C87F-4B0E-BFD6-480A6941E80F} = {EC7BEE9A-58BC-450D-A120-9FF8916A91ED}
		{A78B7070-DEC1-4123-A883-5895CD561035} = {EC7BEE9A-58BC-450D-A120-9FF8916A91ED}
		{8AD1D90A-E9F0-4958-B53C-516688F1F98C} = {D0CF2A9A-A47A-44FC-99AE-4AC639999329}
		{11238DFE-19E5-4FDA-9288-90A2C3FCE747} = {AD394929-3F3D-4BA8-9A4F-C57F0D303532}
		{5B7A3E71-EB93-45C6-A13B-EDEC2E86FB93} = {D0CF2A9A-A47A-44FC-99AE-4AC639999329}
		{4D968947-B763-4A73-94EA-C928DF8AF75F} = {D0CF2A9A-A47A-44FC-99AE-4AC639999329}
		{9F808019-54D7-407F-8718-2135A0613BAF} = {D0CF2A9A-A47A-44FC-99AE-4AC639999329}
		{EDA8612C-9AF1-4CE6-B73A-6CA1FC88AF6A} = {D0CF2A9A-A47A-44FC-99AE-4AC639999329}
		{562037CE-663B-49CD-8028-7D2715D35F16} = {EDA8612C-9AF1-4CE6-B73A-6CA1FC88AF6A}
		{1734F3EC-4E94-4145-ACD0-D8056E02D92C} = {EDA8612C-9AF1-4CE6-B73A-6CA1FC88AF6A}
		{C3D655CE-A031-46D3-A283-3C465B47C107} = {EDA8612C-9AF1-4CE6-B73A-6CA1FC88AF6A}
		{A5EAC061-9E59-4AA3-8B3A-9DD50E762DE4} = {EDA8612C-9AF1-4CE6-B73A-6CA1FC88AF6A}
	EndGlobalSection
EndGlobal
