
Microsoft Visual Studio Solution File, Format Version 12.00
# Visual Studio 2013
VisualStudioVersion = 12.0.30501.0
MinimumVisualStudioVersion = 10.0.40219.1
Project("{2150E333-8FDC-42A3-9474-1A3956D46DE8}") = "Rocketcore", "Rocketcore", "{3294A567-FA85-4B2A-992B-1E3F69089A48}"
EndProject
Project("{2150E333-8FDC-42A3-9474-1A3956D46DE8}") = "Rocket", "Rocket", "{C32BC61C-28CC-498C-B335-03AFEC621360}"
EndProject
Project("{FAE04EC0-301F-11D3-BF4B-00C04F79EFBC}") = "Rocket", "Rocket\Rocket.csproj", "{96FF311A-0431-4A61-95C8-7B56E1C3A9D5}"
EndProject
Project("{FAE04EC0-301F-11D3-BF4B-00C04F79EFBC}") = "Rocketcore.Model", "Rocketcore.Model\Rocketcore.Model.csproj", "{0F69BFD8-F0FA-4D13-9B98-C3C4EC42C88D}"
EndProject
Project("{2150E333-8FDC-42A3-9474-1A3956D46DE8}") = ".nuget", ".nuget", "{179FD265-1A1E-46EE-A08F-18B7A3EBBD68}"
	ProjectSection(SolutionItems) = preProject
		.nuget\NuGet.Config = .nuget\NuGet.Config
		.nuget\NuGet.exe = .nuget\NuGet.exe
		.nuget\NuGet.targets = .nuget\NuGet.targets
	EndProjectSection
EndProject
Project("{2150E333-8FDC-42A3-9474-1A3956D46DE8}") = "TDS", "TDS", "{DDE89D7D-5D0C-4869-9142-3CBC5A9F0901}"
EndProject
Project("{CAA73BB0-EF22-4D79-A57E-DF67B3BA9C80}") = "Rocketcore.TDS.Master", "Rocketcore.TDS.Master\Rocketcore.TDS.Master.scproj", "{D309DC83-C87F-4B0E-BFD6-480A6941E80F}"
EndProject
Project("{CAA73BB0-EF22-4D79-A57E-DF67B3BA9C80}") = "Rocketcore.TDS.Master.Static", "Rocketcore.TDS.Master.Static\Rocketcore.TDS.Master.Static.scproj", "{A78B7070-DEC1-4123-A883-5895CD561035}"
EndProject
Project("{CAA73BB0-EF22-4D79-A57E-DF67B3BA9C80}") = "Rocketcore.TDS.Core", "Rocketcore.TDS.Core\Rocketcore.TDS.Core.scproj", "{3188D03B-285B-459F-A062-DF742CB53554}"
EndProject
Project("{2150E333-8FDC-42A3-9474-1A3956D46DE8}") = "Call To Action", "Call To Action", "{26702D8B-4ABD-4C91-99D3-D206A1A79784}"
EndProject
Project("{2150E333-8FDC-42A3-9474-1A3956D46DE8}") = "Content", "Content", "{6E5C2FE8-C252-4EEA-AF6E-B74C40AD2CBA}"
EndProject
Project("{FAE04EC0-301F-11D3-BF4B-00C04F79EFBC}") = "Rocketcore.Content.CallToAction", "Rocketcore.Content.CallToAction\Rocketcore.Content.CallToAction.csproj", "{103E7FD8-DDC5-42DC-846F-6146EF38D4CD}"
EndProject
Project("{2150E333-8FDC-42A3-9474-1A3956D46DE8}") = "Generic", "Generic", "{13BCBD37-69BB-4A72-9851-CCCD4845E67A}"
EndProject
Project("{FAE04EC0-301F-11D3-BF4B-00C04F79EFBC}") = "Rocketcore.Content.Generic", "Rocketcore.Content.Generic\Rocketcore.Content.Generic.csproj", "{26D57AFF-9DCD-4798-8EA5-1439F323AE98}"
EndProject
Project("{2150E333-8FDC-42A3-9474-1A3956D46DE8}") = "Global", "Global", "{6D27A951-E316-4EDA-88E7-A384AC8D8482}"
EndProject
Project("{FAE04EC0-301F-11D3-BF4B-00C04F79EFBC}") = "Rocketcore.Content.Global", "Rocketcore.Content.Global\Rocketcore.Content.Global.csproj", "{276E124B-DA24-4BD7-8DD9-84F420BC1CBE}"
EndProject
Project("{2150E333-8FDC-42A3-9474-1A3956D46DE8}") = "Navigation", "Navigation", "{C617E902-344A-4847-AF05-2C1823B31727}"
EndProject
Project("{FAE04EC0-301F-11D3-BF4B-00C04F79EFBC}") = "Rocketcore.Content.Navigation", "Rocketcore.Content.Navigation\Rocketcore.Content.Navigation.csproj", "{C02C068F-9611-4EA9-BBE0-4482A95A895E}"
EndProject
Project("{2150E333-8FDC-42A3-9474-1A3956D46DE8}") = "Tagging", "Tagging", "{A3CE59A8-4B14-43AA-B9E5-FC0914286A2E}"
EndProject
Project("{FAE04EC0-301F-11D3-BF4B-00C04F79EFBC}") = "Rocketcore.Content.Tagging", "Rocketcore.Content.Tagging\Rocketcore.Content.Tagging.csproj", "{6A25BB58-21BF-403A-8E58-260F7994F954}"
EndProject
Project("{FAE04EC0-301F-11D3-BF4B-00C04F79EFBC}") = "Rocketcore.Mvc", "Rocketcore.Mvc\Rocketcore.Mvc.csproj", "{483D855A-151F-4914-A229-A78C379B1731}"
EndProject
Project("{FAE04EC0-301F-11D3-BF4B-00C04F79EFBC}") = "Rocketcore.Website", "Rocketcore.Website\Rocketcore.Website.csproj", "{673FAF97-56EB-4E34-A10E-34E482B59E6C}"
EndProject
Project("{FAE04EC0-301F-11D3-BF4B-00C04F79EFBC}") = "Rocketcore.Search", "Rocketcore.Search\Rocketcore.Search.csproj", "{03967CB0-8F1D-4277-9F28-35CE663975BF}"
EndProject
Global
	GlobalSection(SolutionConfigurationPlatforms) = preSolution
		Debug|Any CPU = Debug|Any CPU
		Release|Any CPU = Release|Any CPU
	EndGlobalSection
	GlobalSection(ProjectConfigurationPlatforms) = postSolution
		{96FF311A-0431-4A61-95C8-7B56E1C3A9D5}.Debug|Any CPU.ActiveCfg = Debug|Any CPU
		{96FF311A-0431-4A61-95C8-7B56E1C3A9D5}.Debug|Any CPU.Build.0 = Debug|Any CPU
		{96FF311A-0431-4A61-95C8-7B56E1C3A9D5}.Release|Any CPU.ActiveCfg = Release|Any CPU
		{96FF311A-0431-4A61-95C8-7B56E1C3A9D5}.Release|Any CPU.Build.0 = Release|Any CPU
		{0F69BFD8-F0FA-4D13-9B98-C3C4EC42C88D}.Debug|Any CPU.ActiveCfg = Debug|Any CPU
		{0F69BFD8-F0FA-4D13-9B98-C3C4EC42C88D}.Debug|Any CPU.Build.0 = Debug|Any CPU
		{0F69BFD8-F0FA-4D13-9B98-C3C4EC42C88D}.Release|Any CPU.ActiveCfg = Release|Any CPU
		{0F69BFD8-F0FA-4D13-9B98-C3C4EC42C88D}.Release|Any CPU.Build.0 = Release|Any CPU
		{D309DC83-C87F-4B0E-BFD6-480A6941E80F}.Debug|Any CPU.ActiveCfg = Debug|Any CPU
		{D309DC83-C87F-4B0E-BFD6-480A6941E80F}.Debug|Any CPU.Build.0 = Debug|Any CPU
		{D309DC83-C87F-4B0E-BFD6-480A6941E80F}.Debug|Any CPU.Deploy.0 = Debug|Any CPU
		{D309DC83-C87F-4B0E-BFD6-480A6941E80F}.Release|Any CPU.ActiveCfg = Release|Any CPU
		{D309DC83-C87F-4B0E-BFD6-480A6941E80F}.Release|Any CPU.Build.0 = Release|Any CPU
		{D309DC83-C87F-4B0E-BFD6-480A6941E80F}.Release|Any CPU.Deploy.0 = Release|Any CPU
		{A78B7070-DEC1-4123-A883-5895CD561035}.Debug|Any CPU.ActiveCfg = Debug|Any CPU
		{A78B7070-DEC1-4123-A883-5895CD561035}.Debug|Any CPU.Build.0 = Debug|Any CPU
		{A78B7070-DEC1-4123-A883-5895CD561035}.Debug|Any CPU.Deploy.0 = Debug|Any CPU
		{A78B7070-DEC1-4123-A883-5895CD561035}.Release|Any CPU.ActiveCfg = Release|Any CPU
		{A78B7070-DEC1-4123-A883-5895CD561035}.Release|Any CPU.Build.0 = Release|Any CPU
		{A78B7070-DEC1-4123-A883-5895CD561035}.Release|Any CPU.Deploy.0 = Release|Any CPU
		{3188D03B-285B-459F-A062-DF742CB53554}.Debug|Any CPU.ActiveCfg = Debug|Any CPU
		{3188D03B-285B-459F-A062-DF742CB53554}.Debug|Any CPU.Build.0 = Debug|Any CPU
		{3188D03B-285B-459F-A062-DF742CB53554}.Debug|Any CPU.Deploy.0 = Debug|Any CPU
		{3188D03B-285B-459F-A062-DF742CB53554}.Release|Any CPU.ActiveCfg = Release|Any CPU
		{3188D03B-285B-459F-A062-DF742CB53554}.Release|Any CPU.Build.0 = Release|Any CPU
		{3188D03B-285B-459F-A062-DF742CB53554}.Release|Any CPU.Deploy.0 = Release|Any CPU
		{103E7FD8-DDC5-42DC-846F-6146EF38D4CD}.Debug|Any CPU.ActiveCfg = Debug|Any CPU
		{103E7FD8-DDC5-42DC-846F-6146EF38D4CD}.Debug|Any CPU.Build.0 = Debug|Any CPU
		{103E7FD8-DDC5-42DC-846F-6146EF38D4CD}.Release|Any CPU.ActiveCfg = Release|Any CPU
		{103E7FD8-DDC5-42DC-846F-6146EF38D4CD}.Release|Any CPU.Build.0 = Release|Any CPU
		{26D57AFF-9DCD-4798-8EA5-1439F323AE98}.Debug|Any CPU.ActiveCfg = Debug|Any CPU
		{26D57AFF-9DCD-4798-8EA5-1439F323AE98}.Debug|Any CPU.Build.0 = Debug|Any CPU
		{26D57AFF-9DCD-4798-8EA5-1439F323AE98}.Release|Any CPU.ActiveCfg = Release|Any CPU
		{26D57AFF-9DCD-4798-8EA5-1439F323AE98}.Release|Any CPU.Build.0 = Release|Any CPU
		{276E124B-DA24-4BD7-8DD9-84F420BC1CBE}.Debug|Any CPU.ActiveCfg = Debug|Any CPU
		{276E124B-DA24-4BD7-8DD9-84F420BC1CBE}.Debug|Any CPU.Build.0 = Debug|Any CPU
		{276E124B-DA24-4BD7-8DD9-84F420BC1CBE}.Release|Any CPU.ActiveCfg = Release|Any CPU
		{276E124B-DA24-4BD7-8DD9-84F420BC1CBE}.Release|Any CPU.Build.0 = Release|Any CPU
		{C02C068F-9611-4EA9-BBE0-4482A95A895E}.Debug|Any CPU.ActiveCfg = Debug|Any CPU
		{C02C068F-9611-4EA9-BBE0-4482A95A895E}.Debug|Any CPU.Build.0 = Debug|Any CPU
		{C02C068F-9611-4EA9-BBE0-4482A95A895E}.Release|Any CPU.ActiveCfg = Release|Any CPU
		{C02C068F-9611-4EA9-BBE0-4482A95A895E}.Release|Any CPU.Build.0 = Release|Any CPU
		{6A25BB58-21BF-403A-8E58-260F7994F954}.Debug|Any CPU.ActiveCfg = Debug|Any CPU
		{6A25BB58-21BF-403A-8E58-260F7994F954}.Debug|Any CPU.Build.0 = Debug|Any CPU
		{6A25BB58-21BF-403A-8E58-260F7994F954}.Release|Any CPU.ActiveCfg = Release|Any CPU
		{6A25BB58-21BF-403A-8E58-260F7994F954}.Release|Any CPU.Build.0 = Release|Any CPU
		{483D855A-151F-4914-A229-A78C379B1731}.Debug|Any CPU.ActiveCfg = Debug|Any CPU
		{483D855A-151F-4914-A229-A78C379B1731}.Debug|Any CPU.Build.0 = Debug|Any CPU
		{483D855A-151F-4914-A229-A78C379B1731}.Release|Any CPU.ActiveCfg = Release|Any CPU
		{483D855A-151F-4914-A229-A78C379B1731}.Release|Any CPU.Build.0 = Release|Any CPU
		{673FAF97-56EB-4E34-A10E-34E482B59E6C}.Debug|Any CPU.ActiveCfg = Debug|Any CPU
		{673FAF97-56EB-4E34-A10E-34E482B59E6C}.Debug|Any CPU.Build.0 = Debug|Any CPU
		{673FAF97-56EB-4E34-A10E-34E482B59E6C}.Release|Any CPU.ActiveCfg = Release|Any CPU
		{673FAF97-56EB-4E34-A10E-34E482B59E6C}.Release|Any CPU.Build.0 = Release|Any CPU
		{03967CB0-8F1D-4277-9F28-35CE663975BF}.Debug|Any CPU.ActiveCfg = Debug|Any CPU
		{03967CB0-8F1D-4277-9F28-35CE663975BF}.Debug|Any CPU.Build.0 = Debug|Any CPU
		{03967CB0-8F1D-4277-9F28-35CE663975BF}.Release|Any CPU.ActiveCfg = Release|Any CPU
		{03967CB0-8F1D-4277-9F28-35CE663975BF}.Release|Any CPU.Build.0 = Release|Any CPU
	EndGlobalSection
	GlobalSection(SolutionProperties) = preSolution
		HideSolutionNode = FALSE
	EndGlobalSection
	GlobalSection(NestedProjects) = preSolution
		{96FF311A-0431-4A61-95C8-7B56E1C3A9D5} = {C32BC61C-28CC-498C-B335-03AFEC621360}
		{0F69BFD8-F0FA-4D13-9B98-C3C4EC42C88D} = {3294A567-FA85-4B2A-992B-1E3F69089A48}
		{DDE89D7D-5D0C-4869-9142-3CBC5A9F0901} = {3294A567-FA85-4B2A-992B-1E3F69089A48}
		{D309DC83-C87F-4B0E-BFD6-480A6941E80F} = {DDE89D7D-5D0C-4869-9142-3CBC5A9F0901}
		{A78B7070-DEC1-4123-A883-5895CD561035} = {DDE89D7D-5D0C-4869-9142-3CBC5A9F0901}
		{3188D03B-285B-459F-A062-DF742CB53554} = {DDE89D7D-5D0C-4869-9142-3CBC5A9F0901}
		{26702D8B-4ABD-4C91-99D3-D206A1A79784} = {6E5C2FE8-C252-4EEA-AF6E-B74C40AD2CBA}
		{6E5C2FE8-C252-4EEA-AF6E-B74C40AD2CBA} = {3294A567-FA85-4B2A-992B-1E3F69089A48}
		{103E7FD8-DDC5-42DC-846F-6146EF38D4CD} = {26702D8B-4ABD-4C91-99D3-D206A1A79784}
		{13BCBD37-69BB-4A72-9851-CCCD4845E67A} = {6E5C2FE8-C252-4EEA-AF6E-B74C40AD2CBA}
		{26D57AFF-9DCD-4798-8EA5-1439F323AE98} = {13BCBD37-69BB-4A72-9851-CCCD4845E67A}
		{6D27A951-E316-4EDA-88E7-A384AC8D8482} = {6E5C2FE8-C252-4EEA-AF6E-B74C40AD2CBA}
		{276E124B-DA24-4BD7-8DD9-84F420BC1CBE} = {6D27A951-E316-4EDA-88E7-A384AC8D8482}
		{C617E902-344A-4847-AF05-2C1823B31727} = {6E5C2FE8-C252-4EEA-AF6E-B74C40AD2CBA}
		{C02C068F-9611-4EA9-BBE0-4482A95A895E} = {C617E902-344A-4847-AF05-2C1823B31727}
		{A3CE59A8-4B14-43AA-B9E5-FC0914286A2E} = {6E5C2FE8-C252-4EEA-AF6E-B74C40AD2CBA}
		{6A25BB58-21BF-403A-8E58-260F7994F954} = {A3CE59A8-4B14-43AA-B9E5-FC0914286A2E}
		{483D855A-151F-4914-A229-A78C379B1731} = {3294A567-FA85-4B2A-992B-1E3F69089A48}
		{03967CB0-8F1D-4277-9F28-35CE663975BF} = {3294A567-FA85-4B2A-992B-1E3F69089A48}
	EndGlobalSection
EndGlobal
